# THIS IS AN AUTOGENERATED FILE. DO NOT EDIT THIS FILE DIRECTLY.
# yarn lockfile v1


"@js-joda/core@3.2.0":
  version "3.2.0"
  resolved "https://registry.yarnpkg.com/@js-joda/core/-/core-3.2.0.tgz#3e61e21b7b2b8a6be746df1335cf91d70db2a273"
  integrity sha512-PMqgJ0sw5B7FKb2d5bWYIoxjri+QlW/Pys7+Rw82jSH0QN3rB05jZ/VrrsUdh1w4+i2kw9JOejXGq/KhDOX7Kg==

stockfish.wasm@0.10.0:
  version "0.10.0"
  resolved "https://registry.yarnpkg.com/stockfish.wasm/-/stockfish.wasm-0.10.0.tgz#dc3ef4d98a2a79724c29510d39d89e4a5f0f1888"
  integrity sha512-OTvOlz0ijCSmIb/YvOZ1Dn6vwZVS4Ge3N+RcV0d2b6LXUtCJ9UwmBHypRW3DZ+VXf8WNm7E3P+6jMTVvb3QaBg==
